// !$*UTF8*$!
{
	archiveVersion = 1;
	classes = {
	};
	objectVersion = 55;
	objects = {

/* Begin PBXBuildFile section */
		8A146CB42778959100220F40 /* Temperature.swift in Sources */ = {isa = PBXBuildFile; fileRef = 8A146CB32778959100220F40 /* Temperature.swift */; };
		8A146CBE2778A66100220F40 /* Swift_Jissen_NyumonTests.swift in Sources */ = {isa = PBXBuildFile; fileRef = 8A146CBD2778A66100220F40 /* Swift_Jissen_NyumonTests.swift */; };
		8ADAC37A274C9CB300C3AD12 /* AppDelegate.swift in Sources */ = {isa = PBXBuildFile; fileRef = 8ADAC379274C9CB300C3AD12 /* AppDelegate.swift */; };
		8ADAC37C274C9CB300C3AD12 /* SceneDelegate.swift in Sources */ = {isa = PBXBuildFile; fileRef = 8ADAC37B274C9CB300C3AD12 /* SceneDelegate.swift */; };
		8ADAC383274C9CB500C3AD12 /* Assets.xcassets in Resources */ = {isa = PBXBuildFile; fileRef = 8ADAC382274C9CB500C3AD12 /* Assets.xcassets */; };
		8ADAC386274C9CB500C3AD12 /* LaunchScreen.storyboard in Resources */ = {isa = PBXBuildFile; fileRef = 8ADAC384274C9CB500C3AD12 /* LaunchScreen.storyboard */; };
		8ADAC38E274C9D2200C3AD12 /* HomeViewController.swift in Sources */ = {isa = PBXBuildFile; fileRef = 8ADAC38D274C9D2200C3AD12 /* HomeViewController.swift */; };
		8ADAC393274C9D5C00C3AD12 /* Home.storyboard in Resources */ = {isa = PBXBuildFile; fileRef = 8ADAC392274C9D5C00C3AD12 /* Home.storyboard */; };
		8ADAC395274C9E6A00C3AD12 /* HomeModel.swift in Sources */ = {isa = PBXBuildFile; fileRef = 8ADAC394274C9E6A00C3AD12 /* HomeModel.swift */; };
		8ADAC399274C9F4F00C3AD12 /* HomeTableViewCell.swift in Sources */ = {isa = PBXBuildFile; fileRef = 8ADAC397274C9F4F00C3AD12 /* HomeTableViewCell.swift */; };
		8ADAC39A274C9F4F00C3AD12 /* HomeTableViewCell.xib in Resources */ = {isa = PBXBuildFile; fileRef = 8ADAC398274C9F4F00C3AD12 /* HomeTableViewCell.xib */; };
		8ADAC39D274CA4F800C3AD12 /* Detail.storyboard in Resources */ = {isa = PBXBuildFile; fileRef = 8ADAC39C274CA4F800C3AD12 /* Detail.storyboard */; };
		8ADAC39F274CA60600C3AD12 /* DetailViewController.swift in Sources */ = {isa = PBXBuildFile; fileRef = 8ADAC39E274CA60600C3AD12 /* DetailViewController.swift */; };
		8ADAC3A2274CA64500C3AD12 /* UIStoryboard-Extension.swift in Sources */ = {isa = PBXBuildFile; fileRef = 8ADAC3A1274CA64500C3AD12 /* UIStoryboard-Extension.swift */; };
		8ADAC3A4274CC72E00C3AD12 /* UITableView-Extension.swift in Sources */ = {isa = PBXBuildFile; fileRef = 8ADAC3A3274CC72D00C3AD12 /* UITableView-Extension.swift */; };
/* End PBXBuildFile section */

/* Begin PBXContainerItemProxy section */
		8A146CBF2778A66100220F40 /* PBXContainerItemProxy */ = {
			isa = PBXContainerItemProxy;
			containerPortal = 8ADAC36E274C9CB300C3AD12 /* Project object */;
			proxyType = 1;
			remoteGlobalIDString = 8ADAC375274C9CB300C3AD12;
			remoteInfo = "Swift Jissen Nyumon";
		};
/* End PBXContainerItemProxy section */

/* Begin PBXFileReference section */
		8A146CB027788A7C00220F40 /* WebSerbice.playground */ = {isa = PBXFileReference; lastKnownFileType = file.playground; path = WebSerbice.playground; sourceTree = "<group>"; xcLanguageSpecificationIdentifier = xcode.lang.swift; };
		8A146CB32778959100220F40 /* Temperature.swift */ = {isa = PBXFileReference; lastKnownFileType = sourcecode.swift; path = Temperature.swift; sourceTree = "<group>"; };
		8A146CBB2778A66000220F40 /* Swift Jissen NyumonTests.xctest */ = {isa = PBXFileReference; explicitFileType = wrapper.cfbundle; includeInIndex = 0; path = "Swift Jissen NyumonTests.xctest"; sourceTree = BUILT_PRODUCTS_DIR; };
		8A146CBD2778A66100220F40 /* Swift_Jissen_NyumonTests.swift */ = {isa = PBXFileReference; lastKnownFileType = sourcecode.swift; path = Swift_Jissen_NyumonTests.swift; sourceTree = "<group>"; };
		8A7AAD2A2762F5AE00E7E58D /* Protocol.playground */ = {isa = PBXFileReference; lastKnownFileType = file.playground; path = Protocol.playground; sourceTree = "<group>"; xcLanguageSpecificationIdentifier = xcode.lang.swift; };
		8A7AAD2D2765848300E7E58D /* Generics.playground */ = {isa = PBXFileReference; lastKnownFileType = file.playground; path = Generics.playground; sourceTree = "<group>"; xcLanguageSpecificationIdentifier = xcode.lang.swift; };
		8A7AAD2E2765D52900E7E58D /* kata_no_sekkei.playground */ = {isa = PBXFileReference; lastKnownFileType = file.playground; path = kata_no_sekkei.playground; sourceTree = "<group>"; xcLanguageSpecificationIdentifier = xcode.lang.swift; };
		8A7AAD2F27663C9F00E7E58D /* Event-notice.playground */ = {isa = PBXFileReference; lastKnownFileType = file.playground; path = "Event-notice.playground"; sourceTree = "<group>"; xcLanguageSpecificationIdentifier = xcode.lang.swift; };
		8A7AAE4B276D9DAC00E7E58D /* Hidouki_syori.playground */ = {isa = PBXFileReference; lastKnownFileType = file.playground; path = Hidouki_syori.playground; sourceTree = "<group>"; xcLanguageSpecificationIdentifier = xcode.lang.swift; };
		8A7AAE502771B5DC00E7E58D /* Error_syori.playground */ = {isa = PBXFileReference; lastKnownFileType = file.playground; path = Error_syori.playground; sourceTree = "<group>"; xcLanguageSpecificationIdentifier = xcode.lang.swift; };
		8A9B7966275B48A8004542ED /* Kansu_to_closure.playground */ = {isa = PBXFileReference; lastKnownFileType = file.playground; path = Kansu_to_closure.playground; sourceTree = "<group>"; xcLanguageSpecificationIdentifier = xcode.lang.swift; };
		8A9B799D275FA4DD004542ED /* katano_kosei_yoso.playground */ = {isa = PBXFileReference; lastKnownFileType = file.playground; path = katano_kosei_yoso.playground; sourceTree = "<group>"; xcLanguageSpecificationIdentifier = xcode.lang.swift; };
		8A9B79A02760FB95004542ED /* Kata_no_shurui.playground */ = {isa = PBXFileReference; lastKnownFileType = file.playground; path = Kata_no_shurui.playground; sourceTree = "<group>"; xcLanguageSpecificationIdentifier = xcode.lang.swift; };
		8ADAC376274C9CB300C3AD12 /* Swift Jissen Nyumon.app */ = {isa = PBXFileReference; explicitFileType = wrapper.application; includeInIndex = 0; path = "Swift Jissen Nyumon.app"; sourceTree = BUILT_PRODUCTS_DIR; };
		8ADAC379274C9CB300C3AD12 /* AppDelegate.swift */ = {isa = PBXFileReference; lastKnownFileType = sourcecode.swift; path = AppDelegate.swift; sourceTree = "<group>"; };
		8ADAC37B274C9CB300C3AD12 /* SceneDelegate.swift */ = {isa = PBXFileReference; lastKnownFileType = sourcecode.swift; path = SceneDelegate.swift; sourceTree = "<group>"; };
		8ADAC382274C9CB500C3AD12 /* Assets.xcassets */ = {isa = PBXFileReference; lastKnownFileType = folder.assetcatalog; path = Assets.xcassets; sourceTree = "<group>"; };
		8ADAC385274C9CB500C3AD12 /* Base */ = {isa = PBXFileReference; lastKnownFileType = file.storyboard; name = Base; path = Base.lproj/LaunchScreen.storyboard; sourceTree = "<group>"; };
		8ADAC387274C9CB500C3AD12 /* Info.plist */ = {isa = PBXFileReference; lastKnownFileType = text.plist.xml; path = Info.plist; sourceTree = "<group>"; };
		8ADAC38D274C9D2200C3AD12 /* HomeViewController.swift */ = {isa = PBXFileReference; lastKnownFileType = sourcecode.swift; path = HomeViewController.swift; sourceTree = "<group>"; };
		8ADAC392274C9D5C00C3AD12 /* Home.storyboard */ = {isa = PBXFileReference; lastKnownFileType = file.storyboard; path = Home.storyboard; sourceTree = "<group>"; };
		8ADAC394274C9E6A00C3AD12 /* HomeModel.swift */ = {isa = PBXFileReference; lastKnownFileType = sourcecode.swift; path = HomeModel.swift; sourceTree = "<group>"; };
		8ADAC397274C9F4F00C3AD12 /* HomeTableViewCell.swift */ = {isa = PBXFileReference; lastKnownFileType = sourcecode.swift; path = HomeTableViewCell.swift; sourceTree = "<group>"; };
		8ADAC398274C9F4F00C3AD12 /* HomeTableViewCell.xib */ = {isa = PBXFileReference; lastKnownFileType = file.xib; path = HomeTableViewCell.xib; sourceTree = "<group>"; };
		8ADAC39C274CA4F800C3AD12 /* Detail.storyboard */ = {isa = PBXFileReference; lastKnownFileType = file.storyboard; path = Detail.storyboard; sourceTree = "<group>"; };
		8ADAC39E274CA60600C3AD12 /* DetailViewController.swift */ = {isa = PBXFileReference; lastKnownFileType = sourcecode.swift; path = DetailViewController.swift; sourceTree = "<group>"; };
		8ADAC3A1274CA64500C3AD12 /* UIStoryboard-Extension.swift */ = {isa = PBXFileReference; lastKnownFileType = sourcecode.swift; path = "UIStoryboard-Extension.swift"; sourceTree = "<group>"; };
		8ADAC3A3274CC72D00C3AD12 /* UITableView-Extension.swift */ = {isa = PBXFileReference; lastKnownFileType = sourcecode.swift; path = "UITableView-Extension.swift"; sourceTree = "<group>"; };
/* End PBXFileReference section */

/* Begin PBXFrameworksBuildPhase section */
		8A146CB82778A66000220F40 /* Frameworks */ = {
			isa = PBXFrameworksBuildPhase;
			buildActionMask = 2147483647;
			files = (
			);
			runOnlyForDeploymentPostprocessing = 0;
		};
		8ADAC373274C9CB300C3AD12 /* Frameworks */ = {
			isa = PBXFrameworksBuildPhase;
			buildActionMask = 2147483647;
			files = (
			);
			runOnlyForDeploymentPostprocessing = 0;
		};
/* End PBXFrameworksBuildPhase section */

/* Begin PBXGroup section */
		8A146CB22778957100220F40 /* Test */ = {
			isa = PBXGroup;
			children = (
				8A146CB32778959100220F40 /* Temperature.swift */,
			);
			path = Test;
			sourceTree = "<group>";
		};
		8A146CBC2778A66100220F40 /* Swift Jissen NyumonTests */ = {
			isa = PBXGroup;
			children = (
				8A146CBD2778A66100220F40 /* Swift_Jissen_NyumonTests.swift */,
			);
			path = "Swift Jissen NyumonTests";
			sourceTree = "<group>";
		};
		8A9B7998275DE54F004542ED /* Playground */ = {
			isa = PBXGroup;
			children = (
				8A9B7966275B48A8004542ED /* Kansu_to_closure.playground */,
				8A9B799D275FA4DD004542ED /* katano_kosei_yoso.playground */,
				8A9B79A02760FB95004542ED /* Kata_no_shurui.playground */,
				8A7AAD2A2762F5AE00E7E58D /* Protocol.playground */,
				8A7AAD2D2765848300E7E58D /* Generics.playground */,
				8A7AAD2E2765D52900E7E58D /* kata_no_sekkei.playground */,
				8A7AAD2F27663C9F00E7E58D /* Event-notice.playground */,
				8A7AAE4B276D9DAC00E7E58D /* Hidouki_syori.playground */,
				8A7AAE502771B5DC00E7E58D /* Error_syori.playground */,
				8A146CB027788A7C00220F40 /* WebSerbice.playground */,
			);
			path = Playground;
			sourceTree = "<group>";
		};
		8ADAC36D274C9CB300C3AD12 = {
			isa = PBXGroup;
			children = (
				8ADAC378274C9CB300C3AD12 /* Swift Jissen Nyumon */,
				8A146CBC2778A66100220F40 /* Swift Jissen NyumonTests */,
				8ADAC377274C9CB300C3AD12 /* Products */,
			);
			sourceTree = "<group>";
		};
		8ADAC377274C9CB300C3AD12 /* Products */ = {
			isa = PBXGroup;
			children = (
				8ADAC376274C9CB300C3AD12 /* Swift Jissen Nyumon.app */,
				8A146CBB2778A66000220F40 /* Swift Jissen NyumonTests.xctest */,
			);
			name = Products;
			sourceTree = "<group>";
		};
		8ADAC378274C9CB300C3AD12 /* Swift Jissen Nyumon */ = {
			isa = PBXGroup;
			children = (
				8ADAC379274C9CB300C3AD12 /* AppDelegate.swift */,
				8ADAC37B274C9CB300C3AD12 /* SceneDelegate.swift */,
				8A146CB22778957100220F40 /* Test */,
				8A9B7998275DE54F004542ED /* Playground */,
				8ADAC390274C9D3800C3AD12 /* Model */,
				8ADAC391274C9D3F00C3AD12 /* View */,
				8ADAC38F274C9D2700C3AD12 /* Controller */,
				8ADAC3A0274CA62600C3AD12 /* Extension */,
				8ADAC382274C9CB500C3AD12 /* Assets.xcassets */,
				8ADAC384274C9CB500C3AD12 /* LaunchScreen.storyboard */,
				8ADAC387274C9CB500C3AD12 /* Info.plist */,
			);
			path = "Swift Jissen Nyumon";
			sourceTree = "<group>";
		};
		8ADAC38F274C9D2700C3AD12 /* Controller */ = {
			isa = PBXGroup;
			children = (
				8ADAC38D274C9D2200C3AD12 /* HomeViewController.swift */,
				8ADAC39E274CA60600C3AD12 /* DetailViewController.swift */,
			);
			path = Controller;
			sourceTree = "<group>";
		};
		8ADAC390274C9D3800C3AD12 /* Model */ = {
			isa = PBXGroup;
			children = (
				8ADAC394274C9E6A00C3AD12 /* HomeModel.swift */,
			);
			path = Model;
			sourceTree = "<group>";
		};
		8ADAC391274C9D3F00C3AD12 /* View */ = {
			isa = PBXGroup;
			children = (
				8ADAC392274C9D5C00C3AD12 /* Home.storyboard */,
				8ADAC39C274CA4F800C3AD12 /* Detail.storyboard */,
				8ADAC396274C9ECD00C3AD12 /* XIB */,
			);
			path = View;
			sourceTree = "<group>";
		};
		8ADAC396274C9ECD00C3AD12 /* XIB */ = {
			isa = PBXGroup;
			children = (
				8ADAC39B274C9F6A00C3AD12 /* Home */,
			);
			path = XIB;
			sourceTree = "<group>";
		};
		8ADAC39B274C9F6A00C3AD12 /* Home */ = {
			isa = PBXGroup;
			children = (
				8ADAC397274C9F4F00C3AD12 /* HomeTableViewCell.swift */,
				8ADAC398274C9F4F00C3AD12 /* HomeTableViewCell.xib */,
			);
			path = Home;
			sourceTree = "<group>";
		};
		8ADAC3A0274CA62600C3AD12 /* Extension */ = {
			isa = PBXGroup;
			children = (
				8ADAC3A1274CA64500C3AD12 /* UIStoryboard-Extension.swift */,
				8ADAC3A3274CC72D00C3AD12 /* UITableView-Extension.swift */,
			);
			path = Extension;
			sourceTree = "<group>";
		};
/* End PBXGroup section */

/* Begin PBXNativeTarget section */
		8A146CBA2778A66000220F40 /* Swift Jissen NyumonTests */ = {
			isa = PBXNativeTarget;
			buildConfigurationList = 8A146CC12778A66100220F40 /* Build configuration list for PBXNativeTarget "Swift Jissen NyumonTests" */;
			buildPhases = (
				8A146CB72778A66000220F40 /* Sources */,
				8A146CB82778A66000220F40 /* Frameworks */,
				8A146CB92778A66000220F40 /* Resources */,
			);
			buildRules = (
			);
			dependencies = (
				8A146CC02778A66100220F40 /* PBXTargetDependency */,
			);
			name = "Swift Jissen NyumonTests";
			productName = "Swift Jissen NyumonTests";
			productReference = 8A146CBB2778A66000220F40 /* Swift Jissen NyumonTests.xctest */;
			productType = "com.apple.product-type.bundle.unit-test";
		};
		8ADAC375274C9CB300C3AD12 /* Swift Jissen Nyumon */ = {
			isa = PBXNativeTarget;
			buildConfigurationList = 8ADAC38A274C9CB500C3AD12 /* Build configuration list for PBXNativeTarget "Swift Jissen Nyumon" */;
			buildPhases = (
				8ADAC372274C9CB300C3AD12 /* Sources */,
				8ADAC373274C9CB300C3AD12 /* Frameworks */,
				8ADAC374274C9CB300C3AD12 /* Resources */,
			);
			buildRules = (
			);
			dependencies = (
			);
			name = "Swift Jissen Nyumon";
			productName = "Swift Jissen Nyumon";
			productReference = 8ADAC376274C9CB300C3AD12 /* Swift Jissen Nyumon.app */;
			productType = "com.apple.product-type.application";
		};
/* End PBXNativeTarget section */

/* Begin PBXProject section */
		8ADAC36E274C9CB300C3AD12 /* Project object */ = {
			isa = PBXProject;
			attributes = {
				BuildIndependentTargetsInParallel = 1;
				LastSwiftUpdateCheck = 1310;
				LastUpgradeCheck = 1310;
				TargetAttributes = {
					8A146CBA2778A66000220F40 = {
						CreatedOnToolsVersion = 13.1;
						TestTargetID = 8ADAC375274C9CB300C3AD12;
					};
					8ADAC375274C9CB300C3AD12 = {
						CreatedOnToolsVersion = 13.1;
					};
				};
			};
			buildConfigurationList = 8ADAC371274C9CB300C3AD12 /* Build configuration list for PBXProject "Swift Jissen Nyumon" */;
			compatibilityVersion = "Xcode 13.0";
			developmentRegion = en;
			hasScannedForEncodings = 0;
			knownRegions = (
				en,
				Base,
			);
			mainGroup = 8ADAC36D274C9CB300C3AD12;
			productRefGroup = 8ADAC377274C9CB300C3AD12 /* Products */;
			projectDirPath = "";
			projectRoot = "";
			targets = (
				8ADAC375274C9CB300C3AD12 /* Swift Jissen Nyumon */,
				8A146CBA2778A66000220F40 /* Swift Jissen NyumonTests */,
			);
		};
/* End PBXProject section */

/* Begin PBXResourcesBuildPhase section */
		8A146CB92778A66000220F40 /* Resources */ = {
			isa = PBXResourcesBuildPhase;
			buildActionMask = 2147483647;
			files = (
			);
			runOnlyForDeploymentPostprocessing = 0;
		};
		8ADAC374274C9CB300C3AD12 /* Resources */ = {
			isa = PBXResourcesBuildPhase;
			buildActionMask = 2147483647;
			files = (
				8ADAC393274C9D5C00C3AD12 /* Home.storyboard in Resources */,
				8ADAC386274C9CB500C3AD12 /* LaunchScreen.storyboard in Resources */,
				8ADAC39A274C9F4F00C3AD12 /* HomeTableViewCell.xib in Resources */,
				8ADAC39D274CA4F800C3AD12 /* Detail.storyboard in Resources */,
				8ADAC383274C9CB500C3AD12 /* Assets.xcassets in Resources */,
			);
			runOnlyForDeploymentPostprocessing = 0;
		};
/* End PBXResourcesBuildPhase section */

/* Begin PBXSourcesBuildPhase section */
		8A146CB72778A66000220F40 /* Sources */ = {
			isa = PBXSourcesBuildPhase;
			buildActionMask = 2147483647;
			files = (
				8A146CBE2778A66100220F40 /* Swift_Jissen_NyumonTests.swift in Sources */,
			);
			runOnlyForDeploymentPostprocessing = 0;
		};
		8ADAC372274C9CB300C3AD12 /* Sources */ = {
			isa = PBXSourcesBuildPhase;
			buildActionMask = 2147483647;
			files = (
				8ADAC395274C9E6A00C3AD12 /* HomeModel.swift in Sources */,
				8ADAC3A4274CC72E00C3AD12 /* UITableView-Extension.swift in Sources */,
				8A146CB42778959100220F40 /* Temperature.swift in Sources */,
				8ADAC399274C9F4F00C3AD12 /* HomeTableViewCell.swift in Sources */,
				8ADAC37A274C9CB300C3AD12 /* AppDelegate.swift in Sources */,
				8ADAC3A2274CA64500C3AD12 /* UIStoryboard-Extension.swift in Sources */,
				8ADAC39F274CA60600C3AD12 /* DetailViewController.swift in Sources */,
				8ADAC37C274C9CB300C3AD12 /* SceneDelegate.swift in Sources */,
				8ADAC38E274C9D2200C3AD12 /* HomeViewController.swift in Sources */,
			);
			runOnlyForDeploymentPostprocessing = 0;
		};
/* End PBXSourcesBuildPhase section */

/* Begin PBXTargetDependency section */
		8A146CC02778A66100220F40 /* PBXTargetDependency */ = {
			isa = PBXTargetDependency;
			target = 8ADAC375274C9CB300C3AD12 /* Swift Jissen Nyumon */;
			targetProxy = 8A146CBF2778A66100220F40 /* PBXContainerItemProxy */;
		};
/* End PBXTargetDependency section */

/* Begin PBXVariantGroup section */
		8ADAC384274C9CB500C3AD12 /* LaunchScreen.storyboard */ = {
			isa = PBXVariantGroup;
			children = (
				8ADAC385274C9CB500C3AD12 /* Base */,
			);
			name = LaunchScreen.storyboard;
			sourceTree = "<group>";
		};
/* End PBXVariantGroup section */

/* Begin XCBuildConfiguration section */
		8A146CC22778A66100220F40 /* Debug */ = {
			isa = XCBuildConfiguration;
			buildSettings = {
				BUNDLE_LOADER = "$(TEST_HOST)";
				CODE_SIGN_STYLE = Automatic;
				CURRENT_PROJECT_VERSION = 1;
				DEVELOPMENT_TEAM = 827H72CABH;
				GENERATE_INFOPLIST_FILE = YES;
				LD_RUNPATH_SEARCH_PATHS = (
					"$(inherited)",
					"@executable_path/Frameworks",
					"@loader_path/Frameworks",
				);
				MARKETING_VERSION = 1.0;
				PRODUCT_BUNDLE_IDENTIFIER = "com.koichi.Swift-Jissen-NyumonTests";
				PRODUCT_NAME = "$(TARGET_NAME)";
				SWIFT_EMIT_LOC_STRINGS = NO;
				SWIFT_VERSION = 5.0;
				TARGETED_DEVICE_FAMILY = "1,2";
				TEST_HOST = "$(BUILT_PRODUCTS_DIR)/Swift Jissen Nyumon.app/Swift Jissen Nyumon";
			};
			name = Debug;
		};
		8A146CC32778A66100220F40 /* Release */ = {
			isa = XCBuildConfiguration;
			buildSettings = {
				BUNDLE_LOADER = "$(TEST_HOST)";
				CODE_SIGN_STYLE = Automatic;
				CURRENT_PROJECT_VERSION = 1;
				DEVELOPMENT_TEAM = 827H72CABH;
				GENERATE_INFOPLIST_FILE = YES;
				LD_RUNPATH_SEARCH_PATHS = (
					"$(inherited)",
					"@executable_path/Frameworks",
					"@loader_path/Frameworks",
				);
				MARKETING_VERSION = 1.0;
				PRODUCT_BUNDLE_IDENTIFIER = "com.koichi.Swift-Jissen-NyumonTests";
				PRODUCT_NAME = "$(TARGET_NAME)";
				SWIFT_EMIT_LOC_STRINGS = NO;
				SWIFT_VERSION = 5.0;
				TARGETED_DEVICE_FAMILY = "1,2";
				TEST_HOST = "$(BUILT_PRODUCTS_DIR)/Swift Jissen Nyumon.app/Swift Jissen Nyumon";
			};
			name = Release;
		};
		8ADAC388274C9CB500C3AD12 /* Debug */ = {
			isa = XCBuildConfiguration;
			buildSettings = {
				ALWAYS_SEARCH_USER_PATHS = NO;
				CLANG_ANALYZER_NONNULL = YES;
				CLANG_ANALYZER_NUMBER_OBJECT_CONVERSION = YES_AGGRESSIVE;
				CLANG_CXX_LANGUAGE_STANDARD = "gnu++17";
				CLANG_CXX_LIBRARY = "libc++";
				CLANG_ENABLE_MODULES = YES;
				CLANG_ENABLE_OBJC_ARC = YES;
				CLANG_ENABLE_OBJC_WEAK = YES;
				CLANG_WARN_BLOCK_CAPTURE_AUTORELEASING = YES;
				CLANG_WARN_BOOL_CONVERSION = YES;
				CLANG_WARN_COMMA = YES;
				CLANG_WARN_CONSTANT_CONVERSION = YES;
				CLANG_WARN_DEPRECATED_OBJC_IMPLEMENTATIONS = YES;
				CLANG_WARN_DIRECT_OBJC_ISA_USAGE = YES_ERROR;
				CLANG_WARN_DOCUMENTATION_COMMENTS = YES;
				CLANG_WARN_EMPTY_BODY = YES;
				CLANG_WARN_ENUM_CONVERSION = YES;
				CLANG_WARN_INFINITE_RECURSION = YES;
				CLANG_WARN_INT_CONVERSION = YES;
				CLANG_WARN_NON_LITERAL_NULL_CONVERSION = YES;
				CLANG_WARN_OBJC_IMPLICIT_RETAIN_SELF = YES;
				CLANG_WARN_OBJC_LITERAL_CONVERSION = YES;
				CLANG_WARN_OBJC_ROOT_CLASS = YES_ERROR;
				CLANG_WARN_QUOTED_INCLUDE_IN_FRAMEWORK_HEADER = YES;
				CLANG_WARN_RANGE_LOOP_ANALYSIS = YES;
				CLANG_WARN_STRICT_PROTOTYPES = YES;
				CLANG_WARN_SUSPICIOUS_MOVE = YES;
				CLANG_WARN_UNGUARDED_AVAILABILITY = YES_AGGRESSIVE;
				CLANG_WARN_UNREACHABLE_CODE = YES;
				CLANG_WARN__DUPLICATE_METHOD_MATCH = YES;
				COPY_PHASE_STRIP = NO;
				DEBUG_INFORMATION_FORMAT = dwarf;
				ENABLE_STRICT_OBJC_MSGSEND = YES;
				ENABLE_TESTABILITY = YES;
				GCC_C_LANGUAGE_STANDARD = gnu11;
				GCC_DYNAMIC_NO_PIC = NO;
				GCC_NO_COMMON_BLOCKS = YES;
				GCC_OPTIMIZATION_LEVEL = 0;
				GCC_PREPROCESSOR_DEFINITIONS = (
					"DEBUG=1",
					"$(inherited)",
				);
				GCC_WARN_64_TO_32_BIT_CONVERSION = YES;
				GCC_WARN_ABOUT_RETURN_TYPE = YES_ERROR;
				GCC_WARN_UNDECLARED_SELECTOR = YES;
				GCC_WARN_UNINITIALIZED_AUTOS = YES_AGGRESSIVE;
				GCC_WARN_UNUSED_FUNCTION = YES;
				GCC_WARN_UNUSED_VARIABLE = YES;
				IPHONEOS_DEPLOYMENT_TARGET = 15.0;
				MTL_ENABLE_DEBUG_INFO = INCLUDE_SOURCE;
				MTL_FAST_MATH = YES;
				ONLY_ACTIVE_ARCH = YES;
				SDKROOT = iphoneos;
				SWIFT_ACTIVE_COMPILATION_CONDITIONS = DEBUG;
				SWIFT_OPTIMIZATION_LEVEL = "-Onone";
			};
			name = Debug;
		};
		8ADAC389274C9CB500C3AD12 /* Release */ = {
			isa = XCBuildConfiguration;
			buildSettings = {
				ALWAYS_SEARCH_USER_PATHS = NO;
				CLANG_ANALYZER_NONNULL = YES;
				CLANG_ANALYZER_NUMBER_OBJECT_CONVERSION = YES_AGGRESSIVE;
				CLANG_CXX_LANGUAGE_STANDARD = "gnu++17";
				CLANG_CXX_LIBRARY = "libc++";
				CLANG_ENABLE_MODULES = YES;
				CLANG_ENABLE_OBJC_ARC = YES;
				CLANG_ENABLE_OBJC_WEAK = YES;
				CLANG_WARN_BLOCK_CAPTURE_AUTORELEASING = YES;
				CLANG_WARN_BOOL_CONVERSION = YES;
				CLANG_WARN_COMMA = YES;
				CLANG_WARN_CONSTANT_CONVERSION = YES;
				CLANG_WARN_DEPRECATED_OBJC_IMPLEMENTATIONS = YES;
				CLANG_WARN_DIRECT_OBJC_ISA_USAGE = YES_ERROR;
				CLANG_WARN_DOCUMENTATION_COMMENTS = YES;
				CLANG_WARN_EMPTY_BODY = YES;
				CLANG_WARN_ENUM_CONVERSION = YES;
				CLANG_WARN_INFINITE_RECURSION = YES;
				CLANG_WARN_INT_CONVERSION = YES;
				CLANG_WARN_NON_LITERAL_NULL_CONVERSION = YES;
				CLANG_WARN_OBJC_IMPLICIT_RETAIN_SELF = YES;
				CLANG_WARN_OBJC_LITERAL_CONVERSION = YES;
				CLANG_WARN_OBJC_ROOT_CLASS = YES_ERROR;
				CLANG_WARN_QUOTED_INCLUDE_IN_FRAMEWORK_HEADER = YES;
				CLANG_WARN_RANGE_LOOP_ANALYSIS = YES;
				CLANG_WARN_STRICT_PROTOTYPES = YES;
				CLANG_WARN_SUSPICIOUS_MOVE = YES;
				CLANG_WARN_UNGUARDED_AVAILABILITY = YES_AGGRESSIVE;
				CLANG_WARN_UNREACHABLE_CODE = YES;
				CLANG_WARN__DUPLICATE_METHOD_MATCH = YES;
				COPY_PHASE_STRIP = NO;
				DEBUG_INFORMATION_FORMAT = "dwarf-with-dsym";
				ENABLE_NS_ASSERTIONS = NO;
				ENABLE_STRICT_OBJC_MSGSEND = YES;
				GCC_C_LANGUAGE_STANDARD = gnu11;
				GCC_NO_COMMON_BLOCKS = YES;
				GCC_WARN_64_TO_32_BIT_CONVERSION = YES;
				GCC_WARN_ABOUT_RETURN_TYPE = YES_ERROR;
				GCC_WARN_UNDECLARED_SELECTOR = YES;
				GCC_WARN_UNINITIALIZED_AUTOS = YES_AGGRESSIVE;
				GCC_WARN_UNUSED_FUNCTION = YES;
				GCC_WARN_UNUSED_VARIABLE = YES;
				IPHONEOS_DEPLOYMENT_TARGET = 15.0;
				MTL_ENABLE_DEBUG_INFO = NO;
				MTL_FAST_MATH = YES;
				SDKROOT = iphoneos;
				SWIFT_COMPILATION_MODE = wholemodule;
				SWIFT_OPTIMIZATION_LEVEL = "-O";
				VALIDATE_PRODUCT = YES;
			};
			name = Release;
		};
		8ADAC38B274C9CB500C3AD12 /* Debug */ = {
			isa = XCBuildConfiguration;
			buildSettings = {
				ASSETCATALOG_COMPILER_APPICON_NAME = AppIcon;
				ASSETCATALOG_COMPILER_GLOBAL_ACCENT_COLOR_NAME = AccentColor;
				CODE_SIGN_STYLE = Automatic;
				CURRENT_PROJECT_VERSION = 1;
				DEVELOPMENT_TEAM = 827H72CABH;
				GENERATE_INFOPLIST_FILE = YES;
				INFOPLIST_FILE = "Swift Jissen Nyumon/Info.plist";
				INFOPLIST_KEY_UIApplicationSupportsIndirectInputEvents = YES;
				INFOPLIST_KEY_UILaunchStoryboardName = LaunchScreen;
				INFOPLIST_KEY_UIMainStoryboardFile = Home;
				INFOPLIST_KEY_UISupportedInterfaceOrientations_iPad = "UIInterfaceOrientationPortrait UIInterfaceOrientationPortraitUpsideDown UIInterfaceOrientationLandscapeLeft UIInterfaceOrientationLandscapeRight";
				INFOPLIST_KEY_UISupportedInterfaceOrientations_iPhone = "UIInterfaceOrientationPortrait UIInterfaceOrientationLandscapeLeft UIInterfaceOrientationLandscapeRight";
				LD_RUNPATH_SEARCH_PATHS = (
					"$(inherited)",
					"@executable_path/Frameworks",
				);
				MARKETING_VERSION = 1.0;
				PRODUCT_BUNDLE_IDENTIFIER = "com.koichi.Swift-Jissen-Nyumon";
				PRODUCT_NAME = "$(TARGET_NAME)";
				SWIFT_EMIT_LOC_STRINGS = YES;
				SWIFT_VERSION = 5.0;
				TARGETED_DEVICE_FAMILY = 1;
			};
			name = Debug;
		};
		8ADAC38C274C9CB500C3AD12 /* Release */ = {
			isa = XCBuildConfiguration;
			buildSettings = {
				ASSETCATALOG_COMPILER_APPICON_NAME = AppIcon;
				ASSETCATALOG_COMPILER_GLOBAL_ACCENT_COLOR_NAME = AccentColor;
				CODE_SIGN_STYLE = Automatic;
				CURRENT_PROJECT_VERSION = 1;
				DEVELOPMENT_TEAM = 827H72CABH;
				GENERATE_INFOPLIST_FILE = YES;
				INFOPLIST_FILE = "Swift Jissen Nyumon/Info.plist";
				INFOPLIST_KEY_UIApplicationSupportsIndirectInputEvents = YES;
				INFOPLIST_KEY_UILaunchStoryboardName = LaunchScreen;
				INFOPLIST_KEY_UIMainStoryboardFile = Home;
				INFOPLIST_KEY_UISupportedInterfaceOrientations_iPad = "UIInterfaceOrientationPortrait UIInterfaceOrientationPortraitUpsideDown UIInterfaceOrientationLandscapeLeft UIInterfaceOrientationLandscapeRight";
				INFOPLIST_KEY_UISupportedInterfaceOrientations_iPhone = "UIInterfaceOrientationPortrait UIInterfaceOrientationLandscapeLeft UIInterfaceOrientationLandscapeRight";
				LD_RUNPATH_SEARCH_PATHS = (
					"$(inherited)",
					"@executable_path/Frameworks",
				);
				MARKETING_VERSION = 1.0;
				PRODUCT_BUNDLE_IDENTIFIER = "com.koichi.Swift-Jissen-Nyumon";
				PRODUCT_NAME = "$(TARGET_NAME)";
				SWIFT_EMIT_LOC_STRINGS = YES;
				SWIFT_VERSION = 5.0;
				TARGETED_DEVICE_FAMILY = 1;
			};
			name = Release;
		};
/* End XCBuildConfiguration section */

/* Begin XCConfigurationList section */
		8A146CC12778A66100220F40 /* Build configuration list for PBXNativeTarget "Swift Jissen NyumonTests" */ = {
			isa = XCConfigurationList;
			buildConfigurations = (
				8A146CC22778A66100220F40 /* Debug */,
				8A146CC32778A66100220F40 /* Release */,
			);
			defaultConfigurationIsVisible = 0;
			defaultConfigurationName = Release;
		};
		8ADAC371274C9CB300C3AD12 /* Build configuration list for PBXProject "Swift Jissen Nyumon" */ = {
			isa = XCConfigurationList;
			buildConfigurations = (
				8ADAC388274C9CB500C3AD12 /* Debug */,
				8ADAC389274C9CB500C3AD12 /* Release */,
			);
			defaultConfigurationIsVisible = 0;
			defaultConfigurationName = Release;
		};
		8ADAC38A274C9CB500C3AD12 /* Build configuration list for PBXNativeTarget "Swift Jissen Nyumon" */ = {
			isa = XCConfigurationList;
			buildConfigurations = (
				8ADAC38B274C9CB500C3AD12 /* Debug */,
				8ADAC38C274C9CB500C3AD12 /* Release */,
			);
			defaultConfigurationIsVisible = 0;
			defaultConfigurationName = Release;
		};
/* End XCConfigurationList section */
	};
	rootObject = 8ADAC36E274C9CB300C3AD12 /* Project object */;
}
